// !$*UTF8*$!
{
	archiveVersion = 1;
	classes = {
	};
	objectVersion = 46;
	objects = {

/* Begin PBXBuildFile section */
		18E8117A1C38C1EC00D2005B /* AppDelegate.swift in Sources */ = {isa = PBXBuildFile; fileRef = 18E811791C38C1EC00D2005B /* AppDelegate.swift */; };
		18E8117C1C38C1EC00D2005B /* ViewController.swift in Sources */ = {isa = PBXBuildFile; fileRef = 18E8117B1C38C1EC00D2005B /* ViewController.swift */; };
		18E8117F1C38C1EC00D2005B /* Main.storyboard in Resources */ = {isa = PBXBuildFile; fileRef = 18E8117D1C38C1EC00D2005B /* Main.storyboard */; };
		18E811811C38C1EC00D2005B /* Assets.xcassets in Resources */ = {isa = PBXBuildFile; fileRef = 18E811801C38C1EC00D2005B /* Assets.xcassets */; };
		18E811841C38C1EC00D2005B /* LaunchScreen.storyboard in Resources */ = {isa = PBXBuildFile; fileRef = 18E811821C38C1EC00D2005B /* LaunchScreen.storyboard */; };
		18E8118F1C38C1EC00D2005B /* CountDownTimerTests.swift in Sources */ = {isa = PBXBuildFile; fileRef = 18E8118E1C38C1EC00D2005B /* CountDownTimerTests.swift */; };
		18E8119A1C38C1EC00D2005B /* CountDownTimerUITests.swift in Sources */ = {isa = PBXBuildFile; fileRef = 18E811991C38C1EC00D2005B /* CountDownTimerUITests.swift */; };
/* End PBXBuildFile section */

/* Begin PBXContainerItemProxy section */
		18E8118B1C38C1EC00D2005B /* PBXContainerItemProxy */ = {
			isa = PBXContainerItemProxy;
			containerPortal = 18E8116E1C38C1EC00D2005B /* Project object */;
			proxyType = 1;
			remoteGlobalIDString = 18E811751C38C1EC00D2005B;
			remoteInfo = CountDownTimer;
		};
		18E811961C38C1EC00D2005B /* PBXContainerItemProxy */ = {
			isa = PBXContainerItemProxy;
			containerPortal = 18E8116E1C38C1EC00D2005B /* Project object */;
			proxyType = 1;
			remoteGlobalIDString = 18E811751C38C1EC00D2005B;
			remoteInfo = CountDownTimer;
		};
/* End PBXContainerItemProxy section */

/* Begin PBXFileReference section */
		18E811761C38C1EC00D2005B /* CountDownTimer.app */ = {isa = PBXFileReference; explicitFileType = wrapper.application; includeInIndex = 0; path = CountDownTimer.app; sourceTree = BUILT_PRODUCTS_DIR; };
		18E811791C38C1EC00D2005B /* AppDelegate.swift */ = {isa = PBXFileReference; lastKnownFileType = sourcecode.swift; path = AppDelegate.swift; sourceTree = "<group>"; };
		18E8117B1C38C1EC00D2005B /* ViewController.swift */ = {isa = PBXFileReference; lastKnownFileType = sourcecode.swift; path = ViewController.swift; sourceTree = "<group>"; };
		18E8117E1C38C1EC00D2005B /* Base */ = {isa = PBXFileReference; lastKnownFileType = file.storyboard; name = Base; path = Base.lproj/Main.storyboard; sourceTree = "<group>"; };
		18E811801C38C1EC00D2005B /* Assets.xcassets */ = {isa = PBXFileReference; lastKnownFileType = folder.assetcatalog; path = Assets.xcassets; sourceTree = "<group>"; };
		18E811831C38C1EC00D2005B /* Base */ = {isa = PBXFileReference; lastKnownFileType = file.storyboard; name = Base; path = Base.lproj/LaunchScreen.storyboard; sourceTree = "<group>"; };
		18E811851C38C1EC00D2005B /* Info.plist */ = {isa = PBXFileReference; lastKnownFileType = text.plist.xml; path = Info.plist; sourceTree = "<group>"; };
		18E8118A1C38C1EC00D2005B /* CountDownTimerTests.xctest */ = {isa = PBXFileReference; explicitFileType = wrapper.cfbundle; includeInIndex = 0; path = CountDownTimerTests.xctest; sourceTree = BUILT_PRODUCTS_DIR; };
		18E8118E1C38C1EC00D2005B /* CountDownTimerTests.swift */ = {isa = PBXFileReference; lastKnownFileType = sourcecode.swift; path = CountDownTimerTests.swift; sourceTree = "<group>"; };
		18E811901C38C1EC00D2005B /* Info.plist */ = {isa = PBXFileReference; lastKnownFileType = text.plist.xml; path = Info.plist; sourceTree = "<group>"; };
		18E811951C38C1EC00D2005B /* CountDownTimerUITests.xctest */ = {isa = PBXFileReference; explicitFileType = wrapper.cfbundle; includeInIndex = 0; path = CountDownTimerUITests.xctest; sourceTree = BUILT_PRODUCTS_DIR; };
		18E811991C38C1EC00D2005B /* CountDownTimerUITests.swift */ = {isa = PBXFileReference; lastKnownFileType = sourcecode.swift; path = CountDownTimerUITests.swift; sourceTree = "<group>"; };
		18E8119B1C38C1EC00D2005B /* Info.plist */ = {isa = PBXFileReference; lastKnownFileType = text.plist.xml; path = Info.plist; sourceTree = "<group>"; };
/* End PBXFileReference section */

/* Begin PBXFrameworksBuildPhase section */
		18E811731C38C1EC00D2005B /* Frameworks */ = {
			isa = PBXFrameworksBuildPhase;
			buildActionMask = 2147483647;
			files = (
			);
			runOnlyForDeploymentPostprocessing = 0;
		};
		18E811871C38C1EC00D2005B /* Frameworks */ = {
			isa = PBXFrameworksBuildPhase;
			buildActionMask = 2147483647;
			files = (
			);
			runOnlyForDeploymentPostprocessing = 0;
		};
		18E811921C38C1EC00D2005B /* Frameworks */ = {
			isa = PBXFrameworksBuildPhase;
			buildActionMask = 2147483647;
			files = (
			);
			runOnlyForDeploymentPostprocessing = 0;
		};
/* End PBXFrameworksBuildPhase section */

/* Begin PBXGroup section */
		18E8116D1C38C1EC00D2005B = {
			isa = PBXGroup;
			children = (
				18E811781C38C1EC00D2005B /* CountDownTimer */,
				18E8118D1C38C1EC00D2005B /* CountDownTimerTests */,
				18E811981C38C1EC00D2005B /* CountDownTimerUITests */,
				18E811771C38C1EC00D2005B /* Products */,
			);
			sourceTree = "<group>";
		};
		18E811771C38C1EC00D2005B /* Products */ = {
			isa = PBXGroup;
			children = (
				18E811761C38C1EC00D2005B /* CountDownTimer.app */,
				18E8118A1C38C1EC00D2005B /* CountDownTimerTests.xctest */,
				18E811951C38C1EC00D2005B /* CountDownTimerUITests.xctest */,
			);
			name = Products;
			sourceTree = "<group>";
		};
		18E811781C38C1EC00D2005B /* CountDownTimer */ = {
			isa = PBXGroup;
			children = (
				18E811791C38C1EC00D2005B /* AppDelegate.swift */,
				18E8117B1C38C1EC00D2005B /* ViewController.swift */,
				18E8117D1C38C1EC00D2005B /* Main.storyboard */,
				18E811801C38C1EC00D2005B /* Assets.xcassets */,
				18E811821C38C1EC00D2005B /* LaunchScreen.storyboard */,
				18E811851C38C1EC00D2005B /* Info.plist */,
			);
			path = CountDownTimer;
			sourceTree = "<group>";
		};
		18E8118D1C38C1EC00D2005B /* CountDownTimerTests */ = {
			isa = PBXGroup;
			children = (
				18E8118E1C38C1EC00D2005B /* CountDownTimerTests.swift */,
				18E811901C38C1EC00D2005B /* Info.plist */,
			);
			path = CountDownTimerTests;
			sourceTree = "<group>";
		};
		18E811981C38C1EC00D2005B /* CountDownTimerUITests */ = {
			isa = PBXGroup;
			children = (
				18E811991C38C1EC00D2005B /* CountDownTimerUITests.swift */,
				18E8119B1C38C1EC00D2005B /* Info.plist */,
			);
			path = CountDownTimerUITests;
			sourceTree = "<group>";
		};
/* End PBXGroup section */

/* Begin PBXNativeTarget section */
		18E811751C38C1EC00D2005B /* CountDownTimer */ = {
			isa = PBXNativeTarget;
			buildConfigurationList = 18E8119E1C38C1EC00D2005B /* Build configuration list for PBXNativeTarget "CountDownTimer" */;
			buildPhases = (
				18E811721C38C1EC00D2005B /* Sources */,
				18E811731C38C1EC00D2005B /* Frameworks */,
				18E811741C38C1EC00D2005B /* Resources */,
			);
			buildRules = (
			);
			dependencies = (
			);
			name = CountDownTimer;
			productName = CountDownTimer;
			productReference = 18E811761C38C1EC00D2005B /* CountDownTimer.app */;
			productType = "com.apple.product-type.application";
		};
		18E811891C38C1EC00D2005B /* CountDownTimerTests */ = {
			isa = PBXNativeTarget;
			buildConfigurationList = 18E811A11C38C1EC00D2005B /* Build configuration list for PBXNativeTarget "CountDownTimerTests" */;
			buildPhases = (
				18E811861C38C1EC00D2005B /* Sources */,
				18E811871C38C1EC00D2005B /* Frameworks */,
				18E811881C38C1EC00D2005B /* Resources */,
			);
			buildRules = (
			);
			dependencies = (
				18E8118C1C38C1EC00D2005B /* PBXTargetDependency */,
			);
			name = CountDownTimerTests;
			productName = CountDownTimerTests;
			productReference = 18E8118A1C38C1EC00D2005B /* CountDownTimerTests.xctest */;
			productType = "com.apple.product-type.bundle.unit-test";
		};
		18E811941C38C1EC00D2005B /* CountDownTimerUITests */ = {
			isa = PBXNativeTarget;
			buildConfigurationList = 18E811A41C38C1EC00D2005B /* Build configuration list for PBXNativeTarget "CountDownTimerUITests" */;
			buildPhases = (
				18E811911C38C1EC00D2005B /* Sources */,
				18E811921C38C1EC00D2005B /* Frameworks */,
				18E811931C38C1EC00D2005B /* Resources */,
			);
			buildRules = (
			);
			dependencies = (
				18E811971C38C1EC00D2005B /* PBXTargetDependency */,
			);
			name = CountDownTimerUITests;
			productName = CountDownTimerUITests;
			productReference = 18E811951C38C1EC00D2005B /* CountDownTimerUITests.xctest */;
			productType = "com.apple.product-type.bundle.ui-testing";
		};
/* End PBXNativeTarget section */

/* Begin PBXProject section */
		18E8116E1C38C1EC00D2005B /* Project object */ = {
			isa = PBXProject;
			attributes = {
				LastSwiftUpdateCheck = 0720;
				LastUpgradeCheck = 0720;
				ORGANIZATIONNAME = apple;
				TargetAttributes = {
					18E811751C38C1EC00D2005B = {
						CreatedOnToolsVersion = 7.2;
					};
					18E811891C38C1EC00D2005B = {
						CreatedOnToolsVersion = 7.2;
						TestTargetID = 18E811751C38C1EC00D2005B;
					};
					18E811941C38C1EC00D2005B = {
						CreatedOnToolsVersion = 7.2;
						TestTargetID = 18E811751C38C1EC00D2005B;
					};
				};
			};
			buildConfigurationList = 18E811711C38C1EC00D2005B /* Build configuration list for PBXProject "CountDownTimer" */;
			compatibilityVersion = "Xcode 3.2";
			developmentRegion = English;
			hasScannedForEncodings = 0;
			knownRegions = (
				en,
				Base,
			);
			mainGroup = 18E8116D1C38C1EC00D2005B;
			productRefGroup = 18E811771C38C1EC00D2005B /* Products */;
			projectDirPath = "";
			projectRoot = "";
			targets = (
				18E811751C38C1EC00D2005B /* CountDownTimer */,
				18E811891C38C1EC00D2005B /* CountDownTimerTests */,
				18E811941C38C1EC00D2005B /* CountDownTimerUITests */,
			);
		};
/* End PBXProject section */

/* Begin PBXResourcesBuildPhase section */
		18E811741C38C1EC00D2005B /* Resources */ = {
			isa = PBXResourcesBuildPhase;
			buildActionMask = 2147483647;
			files = (
				18E811841C38C1EC00D2005B /* LaunchScreen.storyboard in Resources */,
				18E811811C38C1EC00D2005B /* Assets.xcassets in Resources */,
				18E8117F1C38C1EC00D2005B /* Main.storyboard in Resources */,
			);
			runOnlyForDeploymentPostprocessing = 0;
		};
		18E811881C38C1EC00D2005B /* Resources */ = {
			isa = PBXResourcesBuildPhase;
			buildActionMask = 2147483647;
			files = (
			);
			runOnlyForDeploymentPostprocessing = 0;
		};
		18E811931C38C1EC00D2005B /* Resources */ = {
			isa = PBXResourcesBuildPhase;
			buildActionMask = 2147483647;
			files = (
			);
			runOnlyForDeploymentPostprocessing = 0;
		};
/* End PBXResourcesBuildPhase section */

/* Begin PBXSourcesBuildPhase section */
		18E811721C38C1EC00D2005B /* Sources */ = {
			isa = PBXSourcesBuildPhase;
			buildActionMask = 2147483647;
			files = (
				18E8117C1C38C1EC00D2005B /* ViewController.swift in Sources */,
				18E8117A1C38C1EC00D2005B /* AppDelegate.swift in Sources */,
			);
			runOnlyForDeploymentPostprocessing = 0;
		};
		18E811861C38C1EC00D2005B /* Sources */ = {
			isa = PBXSourcesBuildPhase;
			buildActionMask = 2147483647;
			files = (
				18E8118F1C38C1EC00D2005B /* CountDownTimerTests.swift in Sources */,
			);
			runOnlyForDeploymentPostprocessing = 0;
		};
		18E811911C38C1EC00D2005B /* Sources */ = {
			isa = PBXSourcesBuildPhase;
			buildActionMask = 2147483647;
			files = (
				18E8119A1C38C1EC00D2005B /* CountDownTimerUITests.swift in Sources */,
			);
			runOnlyForDeploymentPostprocessing = 0;
		};
/* End PBXSourcesBuildPhase section */

/* Begin PBXTargetDependency section */
		18E8118C1C38C1EC00D2005B /* PBXTargetDependency */ = {
			isa = PBXTargetDependency;
			target = 18E811751C38C1EC00D2005B /* CountDownTimer */;
			targetProxy = 18E8118B1C38C1EC00D2005B /* PBXContainerItemProxy */;
		};
		18E811971C38C1EC00D2005B /* PBXTargetDependency */ = {
			isa = PBXTargetDependency;
			target = 18E811751C38C1EC00D2005B /* CountDownTimer */;
			targetProxy = 18E811961C38C1EC00D2005B /* PBXContainerItemProxy */;
		};
/* End PBXTargetDependency section */

/* Begin PBXVariantGroup section */
		18E8117D1C38C1EC00D2005B /* Main.storyboard */ = {
			isa = PBXVariantGroup;
			children = (
				18E8117E1C38C1EC00D2005B /* Base */,
			);
			name = Main.storyboard;
			sourceTree = "<group>";
		};
		18E811821C38C1EC00D2005B /* LaunchScreen.storyboard */ = {
			isa = PBXVariantGroup;
			children = (
				18E811831C38C1EC00D2005B /* Base */,
			);
			name = LaunchScreen.storyboard;
			sourceTree = "<group>";
		};
/* End PBXVariantGroup section */

/* Begin XCBuildConfiguration section */
		18E8119C1C38C1EC00D2005B /* Debug */ = {
			isa = XCBuildConfiguration;
			buildSettings = {
				ALWAYS_SEARCH_USER_PATHS = NO;
				CLANG_CXX_LANGUAGE_STANDARD = "gnu++0x";
				CLANG_CXX_LIBRARY = "libc++";
				CLANG_ENABLE_MODULES = YES;
				CLANG_ENABLE_OBJC_ARC = YES;
				CLANG_WARN_BOOL_CONVERSION = YES;
				CLANG_WARN_CONSTANT_CONVERSION = YES;
				CLANG_WARN_DIRECT_OBJC_ISA_USAGE = YES_ERROR;
				CLANG_WARN_EMPTY_BODY = YES;
				CLANG_WARN_ENUM_CONVERSION = YES;
				CLANG_WARN_INT_CONVERSION = YES;
				CLANG_WARN_OBJC_ROOT_CLASS = YES_ERROR;
				CLANG_WARN_UNREACHABLE_CODE = YES;
				CLANG_WARN__DUPLICATE_METHOD_MATCH = YES;
				"CODE_SIGN_IDENTITY[sdk=iphoneos*]" = "iPhone Developer";
				COPY_PHASE_STRIP = NO;
				DEBUG_INFORMATION_FORMAT = dwarf;
				ENABLE_STRICT_OBJC_MSGSEND = YES;
				ENABLE_TESTABILITY = YES;
				GCC_C_LANGUAGE_STANDARD = gnu99;
				GCC_DYNAMIC_NO_PIC = NO;
				GCC_NO_COMMON_BLOCKS = YES;
				GCC_OPTIMIZATION_LEVEL = 0;
				GCC_PREPROCESSOR_DEFINITIONS = (
					"DEBUG=1",
					"$(inherited)",
				);
				GCC_WARN_64_TO_32_BIT_CONVERSION = YES;
				GCC_WARN_ABOUT_RETURN_TYPE = YES_ERROR;
				GCC_WARN_UNDECLARED_SELECTOR = YES;
				GCC_WARN_UNINITIALIZED_AUTOS = YES_AGGRESSIVE;
				GCC_WARN_UNUSED_FUNCTION = YES;
				GCC_WARN_UNUSED_VARIABLE = YES;
				IPHONEOS_DEPLOYMENT_TARGET = 9.2;
				MTL_ENABLE_DEBUG_INFO = YES;
				ONLY_ACTIVE_ARCH = YES;
				SDKROOT = iphoneos;
				SWIFT_OPTIMIZATION_LEVEL = "-Onone";
			};
			name = Debug;
		};
		18E8119D1C38C1EC00D2005B /* Release */ = {
			isa = XCBuildConfiguration;
			buildSettings = {
				ALWAYS_SEARCH_USER_PATHS = NO;
				CLANG_CXX_LANGUAGE_STANDARD = "gnu++0x";
				CLANG_CXX_LIBRARY = "libc++";
				CLANG_ENABLE_MODULES = YES;
				CLANG_ENABLE_OBJC_ARC = YES;
				CLANG_WARN_BOOL_CONVERSION = YES;
				CLANG_WARN_CONSTANT_CONVERSION = YES;
				CLANG_WARN_DIRECT_OBJC_ISA_USAGE = YES_ERROR;
				CLANG_WARN_EMPTY_BODY = YES;
				CLANG_WARN_ENUM_CONVERSION = YES;
				CLANG_WARN_INT_CONVERSION = YES;
				CLANG_WARN_OBJC_ROOT_CLASS = YES_ERROR;
				CLANG_WARN_UNREACHABLE_CODE = YES;
				CLANG_WARN__DUPLICATE_METHOD_MATCH = YES;
				"CODE_SIGN_IDENTITY[sdk=iphoneos*]" = "iPhone Developer";
				COPY_PHASE_STRIP = NO;
				DEBUG_INFORMATION_FORMAT = "dwarf-with-dsym";
				ENABLE_NS_ASSERTIONS = NO;
				ENABLE_STRICT_OBJC_MSGSEND = YES;
				GCC_C_LANGUAGE_STANDARD = gnu99;
				GCC_NO_COMMON_BLOCKS = YES;
				GCC_WARN_64_TO_32_BIT_CONVERSION = YES;
				GCC_WARN_ABOUT_RETURN_TYPE = YES_ERROR;
				GCC_WARN_UNDECLARED_SELECTOR = YES;
				GCC_WARN_UNINITIALIZED_AUTOS = YES_AGGRESSIVE;
				GCC_WARN_UNUSED_FUNCTION = YES;
				GCC_WARN_UNUSED_VARIABLE = YES;
				IPHONEOS_DEPLOYMENT_TARGET = 9.2;
				MTL_ENABLE_DEBUG_INFO = NO;
				SDKROOT = iphoneos;
				VALIDATE_PRODUCT = YES;
			};
			name = Release;
		};
		18E8119F1C38C1EC00D2005B /* Debug */ = {
			isa = XCBuildConfiguration;
			buildSettings = {
				ASSETCATALOG_COMPILER_APPICON_NAME = AppIcon;
				INFOPLIST_FILE = CountDownTimer/Info.plist;
				LD_RUNPATH_SEARCH_PATHS = "$(inherited) @executable_path/Frameworks";
				PRODUCT_BUNDLE_IDENTIFIER = apple.CountDownTimer;
				PRODUCT_NAME = "$(TARGET_NAME)";
			};
			name = Debug;
		};
		18E811A01C38C1EC00D2005B /* Release */ = {
			isa = XCBuildConfiguration;
			buildSettings = {
				ASSETCATALOG_COMPILER_APPICON_NAME = AppIcon;
				INFOPLIST_FILE = CountDownTimer/Info.plist;
				LD_RUNPATH_SEARCH_PATHS = "$(inherited) @executable_path/Frameworks";
				PRODUCT_BUNDLE_IDENTIFIER = apple.CountDownTimer;
				PRODUCT_NAME = "$(TARGET_NAME)";
			};
			name = Release;
		};
		18E811A21C38C1EC00D2005B /* Debug */ = {
			isa = XCBuildConfiguration;
			buildSettings = {
				BUNDLE_LOADER = "$(TEST_HOST)";
				INFOPLIST_FILE = CountDownTimerTests/Info.plist;
				LD_RUNPATH_SEARCH_PATHS = "$(inherited) @executable_path/Frameworks @loader_path/Frameworks";
				PRODUCT_BUNDLE_IDENTIFIER = apple.CountDownTimerTests;
				PRODUCT_NAME = "$(TARGET_NAME)";
				TEST_HOST = "$(BUILT_PRODUCTS_DIR)/CountDownTimer.app/CountDownTimer";
			};
			name = Debug;
		};
		18E811A31C38C1EC00D2005B /* Release */ = {
			isa = XCBuildConfiguration;
			buildSettings = {
				BUNDLE_LOADER = "$(TEST_HOST)";
				INFOPLIST_FILE = CountDownTimerTests/Info.plist;
				LD_RUNPATH_SEARCH_PATHS = "$(inherited) @executable_path/Frameworks @loader_path/Frameworks";
				PRODUCT_BUNDLE_IDENTIFIER = apple.CountDownTimerTests;
				PRODUCT_NAME = "$(TARGET_NAME)";
				TEST_HOST = "$(BUILT_PRODUCTS_DIR)/CountDownTimer.app/CountDownTimer";
			};
			name = Release;
		};
		18E811A51C38C1EC00D2005B /* Debug */ = {
			isa = XCBuildConfiguration;
			buildSettings = {
				INFOPLIST_FILE = CountDownTimerUITests/Info.plist;
				LD_RUNPATH_SEARCH_PATHS = "$(inherited) @executable_path/Frameworks @loader_path/Frameworks";
				PRODUCT_BUNDLE_IDENTIFIER = apple.CountDownTimerUITests;
				PRODUCT_NAME = "$(TARGET_NAME)";
				TEST_TARGET_NAME = CountDownTimer;
				USES_XCTRUNNER = YES;
			};
			name = Debug;
		};
		18E811A61C38C1EC00D2005B /* Release */ = {
			isa = XCBuildConfiguration;
			buildSettings = {
				INFOPLIST_FILE = CountDownTimerUITests/Info.plist;
				LD_RUNPATH_SEARCH_PATHS = "$(inherited) @executable_path/Frameworks @loader_path/Frameworks";
				PRODUCT_BUNDLE_IDENTIFIER = apple.CountDownTimerUITests;
				PRODUCT_NAME = "$(TARGET_NAME)";
				TEST_TARGET_NAME = CountDownTimer;
				USES_XCTRUNNER = YES;
			};
			name = Release;
		};
/* End XCBuildConfiguration section */

/* Begin XCConfigurationList section */
		18E811711C38C1EC00D2005B /* Build configuration list for PBXProject "CountDownTimer" */ = {
			isa = XCConfigurationList;
			buildConfigurations = (
				18E8119C1C38C1EC00D2005B /* Debug */,
				18E8119D1C38C1EC00D2005B /* Release */,
			);
			defaultConfigurationIsVisible = 0;
			defaultConfigurationName = Release;
		};
		18E8119E1C38C1EC00D2005B /* Build configuration list for PBXNativeTarget "CountDownTimer" */ = {
			isa = XCConfigurationList;
			buildConfigurations = (
				18E8119F1C38C1EC00D2005B /* Debug */,
				18E811A01C38C1EC00D2005B /* Release */,
			);
			defaultConfigurationIsVisible = 0;
		};
		18E811A11C38C1EC00D2005B /* Build configuration list for PBXNativeTarget "CountDownTimerTests" */ = {
			isa = XCConfigurationList;
			buildConfigurations = (
				18E811A21C38C1EC00D2005B /* Debug */,
				18E811A31C38C1EC00D2005B /* Release */,
			);
			defaultConfigurationIsVisible = 0;
		};
		18E811A41C38C1EC00D2005B /* Build configuration list for PBXNativeTarget "CountDownTimerUITests" */ = {
			isa = XCConfigurationList;
			buildConfigurations = (
				18E811A51C38C1EC00D2005B /* Debug */,
				18E811A61C38C1EC00D2005B /* Release */,
			);
			defaultConfigurationIsVisible = 0;
		};
/* End XCConfigurationList section */
	};
	rootObject = 18E8116E1C38C1EC00D2005B /* Project object */;
}
